
Microsoft Visual Studio Solution File, Format Version 12.00
# Visual Studio Version 16
VisualStudioVersion = 16.0.30204.135
MinimumVisualStudioVersion = 10.0.40219.1
Project("{9A19103F-16F7-4668-BE54-9A1E7A4F7556}") = "CurrencyRate.Api", "CurrencyRate.Api\CurrencyRate.Api.csproj", "{8AC31B9D-44F4-4B11-B515-287B8DFC34C6}"
EndProject
Project("{9A19103F-16F7-4668-BE54-9A1E7A4F7556}") = "CurrencyRate.Domain", "CurrencyRate.Domain\CurrencyRate.Domain.csproj", "{6A5011B0-B997-4217-AFE4-B7A90E5E40CD}"
EndProject
Project("{9A19103F-16F7-4668-BE54-9A1E7A4F7556}") = "CurrencyRate.Application", "CurrencyRate.Application\CurrencyRate.Application.csproj", "{D70412C3-89F5-4520-BC44-A39E2C7A3754}"
EndProject
Project("{9A19103F-16F7-4668-BE54-9A1E7A4F7556}") = "CurrencyRate.Infraestructure.Data", "CurrencyRate.Infraestructure.Data\CurrencyRate.Infraestructure.Data.csproj", "{54A1D74A-59FF-40A9-950B-270922B042D8}"
EndProject
Project("{9A19103F-16F7-4668-BE54-9A1E7A4F7556}") = "CurrencyRates.IoC", "CurrencyRates.IoC\CurrencyRates.IoC.csproj", "{45E7AED9-FD35-4366-8946-A0ABCDC20654}"
EndProject
Global
	GlobalSection(SolutionConfigurationPlatforms) = preSolution
		Debug|Any CPU = Debug|Any CPU
		Release|Any CPU = Release|Any CPU
	EndGlobalSection
	GlobalSection(ProjectConfigurationPlatforms) = postSolution
		{8AC31B9D-44F4-4B11-B515-287B8DFC34C6}.Debug|Any CPU.ActiveCfg = Debug|Any CPU
		{8AC31B9D-44F4-4B11-B515-287B8DFC34C6}.Debug|Any CPU.Build.0 = Debug|Any CPU
		{8AC31B9D-44F4-4B11-B515-287B8DFC34C6}.Release|Any CPU.ActiveCfg = Release|Any CPU
		{8AC31B9D-44F4-4B11-B515-287B8DFC34C6}.Release|Any CPU.Build.0 = Release|Any CPU
		{6A5011B0-B997-4217-AFE4-B7A90E5E40CD}.Debug|Any CPU.ActiveCfg = Debug|Any CPU
		{6A5011B0-B997-4217-AFE4-B7A90E5E40CD}.Debug|Any CPU.Build.0 = Debug|Any CPU
		{6A5011B0-B997-4217-AFE4-B7A90E5E40CD}.Release|Any CPU.ActiveCfg = Release|Any CPU
		{6A5011B0-B997-4217-AFE4-B7A90E5E40CD}.Release|Any CPU.Build.0 = Release|Any CPU
		{D70412C3-89F5-4520-BC44-A39E2C7A3754}.Debug|Any CPU.ActiveCfg = Debug|Any CPU
		{D70412C3-89F5-4520-BC44-A39E2C7A3754}.Debug|Any CPU.Build.0 = Debug|Any CPU
		{D70412C3-89F5-4520-BC44-A39E2C7A3754}.Release|Any CPU.ActiveCfg = Release|Any CPU
		{D70412C3-89F5-4520-BC44-A39E2C7A3754}.Release|Any CPU.Build.0 = Release|Any CPU
		{54A1D74A-59FF-40A9-950B-270922B042D8}.Debug|Any CPU.ActiveCfg = Debug|Any CPU
		{54A1D74A-59FF-40A9-950B-270922B042D8}.Debug|Any CPU.Build.0 = Debug|Any CPU
		{54A1D74A-59FF-40A9-950B-270922B042D8}.Release|Any CPU.ActiveCfg = Release|Any CPU
		{54A1D74A-59FF-40A9-950B-270922B042D8}.Release|Any CPU.Build.0 = Release|Any CPU
		{45E7AED9-FD35-4366-8946-A0ABCDC20654}.Debug|Any CPU.ActiveCfg = Debug|Any CPU
		{45E7AED9-FD35-4366-8946-A0ABCDC20654}.Debug|Any CPU.Build.0 = Debug|Any CPU
		{45E7AED9-FD35-4366-8946-A0ABCDC20654}.Release|Any CPU.ActiveCfg = Release|Any CPU
		{45E7AED9-FD35-4366-8946-A0ABCDC20654}.Release|Any CPU.Build.0 = Release|Any CPU
	EndGlobalSection
	GlobalSection(SolutionProperties) = preSolution
		HideSolutionNode = FALSE
	EndGlobalSection
	GlobalSection(ExtensibilityGlobals) = postSolution
		SolutionGuid = {FE76538E-AC42-4028-85B9-435FA56ADE4E}
	EndGlobalSection
EndGlobal
